
Microsoft Visual Studio Solution File, Format Version 12.00
# Visual Studio Version 17
VisualStudioVersion = 17.10.35013.160
MinimumVisualStudioVersion = 10.0.40219.1
Project("{FAE04EC0-301F-11D3-BF4B-00C04F79EFBC}") = "Prog2_4", "Prog2_4\Prog2_4.csproj", "{3490988E-3B9F-41FB-A40F-91AEC053FF02}"
EndProject
Global
	GlobalSection(SolutionConfigurationPlatforms) = preSolution
		Debug|Any CPU = Debug|Any CPU
		Release|Any CPU = Release|Any CPU
	EndGlobalSection
	GlobalSection(ProjectConfigurationPlatforms) = postSolution
		{3490988E-3B9F-41FB-A40F-91AEC053FF02}.Debug|Any CPU.ActiveCfg = Debug|Any CPU
		{3490988E-3B9F-41FB-A40F-91AEC053FF02}.Debug|Any CPU.Build.0 = Debug|Any CPU
		{3490988E-3B9F-41FB-A40F-91AEC053FF02}.Release|Any CPU.ActiveCfg = Release|Any CPU
		{3490988E-3B9F-41FB-A40F-91AEC053FF02}.Release|Any CPU.Build.0 = Release|Any CPU
	EndGlobalSection
	GlobalSection(SolutionProperties) = preSolution
		HideSolutionNode = FALSE
	EndGlobalSection
	GlobalSection(ExtensibilityGlobals) = postSolution
		SolutionGuid = {4C506C9A-B78C-48D1-9808-449B1473307F}
	EndGlobalSection
EndGlobal
